Microsoft Visual Studio Solution File, Format Version 10.00
# Visual Studio 2008
Project("{FAE04EC0-301F-11D3-BF4B-00C04F79EFBC}") = "File", "File.csproj", "{24F6A547-2501-4364-88E2-E125469B459A}"
EndProject
Global
	GlobalSection(SourceCodeControl) = preSolution
		SccNumberOfProjects = 1
		SccProjectUniqueName0 = File.csproj
		SccProjectName0 = \u0022$/his4.0/HISFC/Src/HISFC.Management/File\u0022,\u0020TUHAAAAA
		SccLocalPath0 = .
		SccProvider0 = MSSCCI:Microsoft\u0020Visual\u0020SourceSafe
	EndGlobalSection
	GlobalSection(SolutionConfigurationPlatforms) = preSolution
		Debug|Default = Debug|Default
		Release|Default = Release|Default
	EndGlobalSection
	GlobalSection(ProjectConfigurationPlatforms) = postSolution
		{24F6A547-2501-4364-88E2-E125469B459A}.Debug|Default.ActiveCfg = Debug|Any CPU
		{24F6A547-2501-4364-88E2-E125469B459A}.Debug|Default.Build.0 = Debug|Any CPU
		{24F6A547-2501-4364-88E2-E125469B459A}.Release|Default.ActiveCfg = Release|Any CPU
		{24F6A547-2501-4364-88E2-E125469B459A}.Release|Default.Build.0 = Release|Any CPU
	EndGlobalSection
	GlobalSection(SolutionProperties) = preSolution
		HideSolutionNode = FALSE
	EndGlobalSection
EndGlobal
