
Microsoft Visual Studio Solution File, Format Version 10.00
# Visual Studio 2008
Project("{FAE04EC0-301F-11D3-BF4B-00C04F79EFBC}") = "HIS", "HIS.csproj", "{99805C6C-6085-4173-B86C-A430B444B68F}"
EndProject
Global
	GlobalSection(SolutionConfigurationPlatforms) = preSolution
		Debug|Any CPU = Debug|Any CPU
		Release|Any CPU = Release|Any CPU
	EndGlobalSection
	GlobalSection(ProjectConfigurationPlatforms) = postSolution
		{99805C6C-6085-4173-B86C-A430B444B68F}.Debug|Any CPU.ActiveCfg = Debug|Any CPU
		{99805C6C-6085-4173-B86C-A430B444B68F}.Debug|Any CPU.Build.0 = Debug|Any CPU
		{99805C6C-6085-4173-B86C-A430B444B68F}.Release|Any CPU.ActiveCfg = Release|Any CPU
		{99805C6C-6085-4173-B86C-A430B444B68F}.Release|Any CPU.Build.0 = Release|Any CPU
	EndGlobalSection
	GlobalSection(SolutionProperties) = preSolution
		HideSolutionNode = FALSE
	EndGlobalSection
EndGlobal
