
Microsoft Visual Studio Solution File, Format Version 9.00
# Visual Studio 2005
Project("{FAE04EC0-301F-11D3-BF4B-00C04F79EFBC}") = "Integrate", "Integrate.csproj", "{F2DB9D72-6992-4C79-950E-9B76C2915C6E}"
EndProject
Global
	GlobalSection(SourceCodeControl) = preSolution
		SccNumberOfProjects = 1
		SccProjectUniqueName0 = Integrate.csproj
		SccProjectName0 = \u0022$/HIS4.50/HISFC/Src/HISFC.Management/Integrate\u0022,\u0020NAKDAAAA
		SccLocalPath0 = .
		SccProvider0 = MSSCCI:Microsoft\u0020Visual\u0020SourceSafe
		CanCheckoutShared = false
	EndGlobalSection
	GlobalSection(SolutionConfigurationPlatforms) = preSolution
		Debug|Any CPU = Debug|Any CPU
		Release|Any CPU = Release|Any CPU
	EndGlobalSection
	GlobalSection(ProjectConfigurationPlatforms) = postSolution
		{F2DB9D72-6992-4C79-950E-9B76C2915C6E}.Debug|Any CPU.ActiveCfg = Debug|Any CPU
		{F2DB9D72-6992-4C79-950E-9B76C2915C6E}.Debug|Any CPU.Build.0 = Debug|Any CPU
		{F2DB9D72-6992-4C79-950E-9B76C2915C6E}.Release|Any CPU.ActiveCfg = Release|Any CPU
		{F2DB9D72-6992-4C79-950E-9B76C2915C6E}.Release|Any CPU.Build.0 = Release|Any CPU
	EndGlobalSection
	GlobalSection(SolutionProperties) = preSolution
		HideSolutionNode = FALSE
	EndGlobalSection
EndGlobal
