
Microsoft Visual Studio Solution File, Format Version 10.00
# Visual Studio 2008
Project("{FAE04EC0-301F-11D3-BF4B-00C04F79EFBC}") = "Neusoft.UFC.Privilege", "Neusoft.UFC.Privilege.csproj", "{2FE0A3D4-A57A-4669-9422-4FBBD1BAA0B0}"
EndProject
Global
	GlobalSection(SolutionConfigurationPlatforms) = preSolution
		Debug|Any CPU = Debug|Any CPU
		Release|Any CPU = Release|Any CPU
	EndGlobalSection
	GlobalSection(ProjectConfigurationPlatforms) = postSolution
		{2FE0A3D4-A57A-4669-9422-4FBBD1BAA0B0}.Debug|Any CPU.ActiveCfg = Debug|Any CPU
		{2FE0A3D4-A57A-4669-9422-4FBBD1BAA0B0}.Debug|Any CPU.Build.0 = Debug|Any CPU
		{2FE0A3D4-A57A-4669-9422-4FBBD1BAA0B0}.Release|Any CPU.ActiveCfg = Release|Any CPU
		{2FE0A3D4-A57A-4669-9422-4FBBD1BAA0B0}.Release|Any CPU.Build.0 = Release|Any CPU
	EndGlobalSection
	GlobalSection(SolutionProperties) = preSolution
		HideSolutionNode = FALSE
	EndGlobalSection
EndGlobal
