
Microsoft Visual Studio Solution File, Format Version 10.00
# Visual Studio 2008
Project("{FAE04EC0-301F-11D3-BF4B-00C04F79EFBC}") = "JinYiGroup.Update", "JinYiGroup.Update.csproj", "{1FDCCAF5-8A6F-49D9-ACCD-EBB55DFE281C}"
EndProject
Global
	GlobalSection(SolutionConfigurationPlatforms) = preSolution
		Debug|Any CPU = Debug|Any CPU
		Release|Any CPU = Release|Any CPU
	EndGlobalSection
	GlobalSection(ProjectConfigurationPlatforms) = postSolution
		{1FDCCAF5-8A6F-49D9-ACCD-EBB55DFE281C}.Debug|Any CPU.ActiveCfg = Debug|Any CPU
		{1FDCCAF5-8A6F-49D9-ACCD-EBB55DFE281C}.Debug|Any CPU.Build.0 = Debug|Any CPU
		{1FDCCAF5-8A6F-49D9-ACCD-EBB55DFE281C}.Release|Any CPU.ActiveCfg = Release|Any CPU
		{1FDCCAF5-8A6F-49D9-ACCD-EBB55DFE281C}.Release|Any CPU.Build.0 = Release|Any CPU
	EndGlobalSection
	GlobalSection(SolutionProperties) = preSolution
		HideSolutionNode = FALSE
	EndGlobalSection
EndGlobal
